// !$*UTF8*$!
{
	archiveVersion = 1;
	classes = {
	};
	objectVersion = 50;
	objects = {

/* Begin PBXBuildFile section */
		5046795D2270EC640080A01C /* AppDelegate.swift in Sources */ = {isa = PBXBuildFile; fileRef = 5046795C2270EC640080A01C /* AppDelegate.swift */; };
		5046795F2270EC640080A01C /* ViewController.swift in Sources */ = {isa = PBXBuildFile; fileRef = 5046795E2270EC640080A01C /* ViewController.swift */; };
		504679622270EC640080A01C /* Main.storyboard in Resources */ = {isa = PBXBuildFile; fileRef = 504679602270EC640080A01C /* Main.storyboard */; };
		504679642270EC660080A01C /* Assets.xcassets in Resources */ = {isa = PBXBuildFile; fileRef = 504679632270EC660080A01C /* Assets.xcassets */; };
		504679672270EC660080A01C /* LaunchScreen.storyboard in Resources */ = {isa = PBXBuildFile; fileRef = 504679652270EC660080A01C /* LaunchScreen.storyboard */; };
		504679722270EC670080A01C /* Video_PlayerTests.swift in Sources */ = {isa = PBXBuildFile; fileRef = 504679712270EC670080A01C /* Video_PlayerTests.swift */; };
		5046797D2270EC670080A01C /* Video_PlayerUITests.swift in Sources */ = {isa = PBXBuildFile; fileRef = 5046797C2270EC670080A01C /* Video_PlayerUITests.swift */; };
/* End PBXBuildFile section */

/* Begin PBXContainerItemProxy section */
		5046796E2270EC670080A01C /* PBXContainerItemProxy */ = {
			isa = PBXContainerItemProxy;
			containerPortal = 504679512270EC640080A01C /* Project object */;
			proxyType = 1;
			remoteGlobalIDString = 504679582270EC640080A01C;
			remoteInfo = "Video Player";
		};
		504679792270EC670080A01C /* PBXContainerItemProxy */ = {
			isa = PBXContainerItemProxy;
			containerPortal = 504679512270EC640080A01C /* Project object */;
			proxyType = 1;
			remoteGlobalIDString = 504679582270EC640080A01C;
			remoteInfo = "Video Player";
		};
/* End PBXContainerItemProxy section */

/* Begin PBXFileReference section */
		504679592270EC640080A01C /* Video Player.app */ = {isa = PBXFileReference; explicitFileType = wrapper.application; includeInIndex = 0; path = "Video Player.app"; sourceTree = BUILT_PRODUCTS_DIR; };
		5046795C2270EC640080A01C /* AppDelegate.swift */ = {isa = PBXFileReference; lastKnownFileType = sourcecode.swift; path = AppDelegate.swift; sourceTree = "<group>"; };
		5046795E2270EC640080A01C /* ViewController.swift */ = {isa = PBXFileReference; lastKnownFileType = sourcecode.swift; path = ViewController.swift; sourceTree = "<group>"; };
		504679612270EC640080A01C /* Base */ = {isa = PBXFileReference; lastKnownFileType = file.storyboard; name = Base; path = Base.lproj/Main.storyboard; sourceTree = "<group>"; };
		504679632270EC660080A01C /* Assets.xcassets */ = {isa = PBXFileReference; lastKnownFileType = folder.assetcatalog; path = Assets.xcassets; sourceTree = "<group>"; };
		504679662270EC660080A01C /* Base */ = {isa = PBXFileReference; lastKnownFileType = file.storyboard; name = Base; path = Base.lproj/LaunchScreen.storyboard; sourceTree = "<group>"; };
		504679682270EC660080A01C /* Info.plist */ = {isa = PBXFileReference; lastKnownFileType = text.plist.xml; path = Info.plist; sourceTree = "<group>"; };
		5046796D2270EC670080A01C /* Video PlayerTests.xctest */ = {isa = PBXFileReference; explicitFileType = wrapper.cfbundle; includeInIndex = 0; path = "Video PlayerTests.xctest"; sourceTree = BUILT_PRODUCTS_DIR; };
		504679712270EC670080A01C /* Video_PlayerTests.swift */ = {isa = PBXFileReference; lastKnownFileType = sourcecode.swift; path = Video_PlayerTests.swift; sourceTree = "<group>"; };
		504679732270EC670080A01C /* Info.plist */ = {isa = PBXFileReference; lastKnownFileType = text.plist.xml; path = Info.plist; sourceTree = "<group>"; };
		504679782270EC670080A01C /* Video PlayerUITests.xctest */ = {isa = PBXFileReference; explicitFileType = wrapper.cfbundle; includeInIndex = 0; path = "Video PlayerUITests.xctest"; sourceTree = BUILT_PRODUCTS_DIR; };
		5046797C2270EC670080A01C /* Video_PlayerUITests.swift */ = {isa = PBXFileReference; lastKnownFileType = sourcecode.swift; path = Video_PlayerUITests.swift; sourceTree = "<group>"; };
		5046797E2270EC670080A01C /* Info.plist */ = {isa = PBXFileReference; lastKnownFileType = text.plist.xml; path = Info.plist; sourceTree = "<group>"; };
/* End PBXFileReference section */

/* Begin PBXFrameworksBuildPhase section */
		504679562270EC640080A01C /* Frameworks */ = {
			isa = PBXFrameworksBuildPhase;
			buildActionMask = 2147483647;
			files = (
			);
			runOnlyForDeploymentPostprocessing = 0;
		};
		5046796A2270EC670080A01C /* Frameworks */ = {
			isa = PBXFrameworksBuildPhase;
			buildActionMask = 2147483647;
			files = (
			);
			runOnlyForDeploymentPostprocessing = 0;
		};
		504679752270EC670080A01C /* Frameworks */ = {
			isa = PBXFrameworksBuildPhase;
			buildActionMask = 2147483647;
			files = (
			);
			runOnlyForDeploymentPostprocessing = 0;
		};
/* End PBXFrameworksBuildPhase section */

/* Begin PBXGroup section */
		504679502270EC640080A01C = {
			isa = PBXGroup;
			children = (
				5046795B2270EC640080A01C /* Video Player */,
				504679702270EC670080A01C /* Video PlayerTests */,
				5046797B2270EC670080A01C /* Video PlayerUITests */,
				5046795A2270EC640080A01C /* Products */,
			);
			sourceTree = "<group>";
		};
		5046795A2270EC640080A01C /* Products */ = {
			isa = PBXGroup;
			children = (
				504679592270EC640080A01C /* Video Player.app */,
				5046796D2270EC670080A01C /* Video PlayerTests.xctest */,
				504679782270EC670080A01C /* Video PlayerUITests.xctest */,
			);
			name = Products;
			sourceTree = "<group>";
		};
		5046795B2270EC640080A01C /* Video Player */ = {
			isa = PBXGroup;
			children = (
				5046795C2270EC640080A01C /* AppDelegate.swift */,
				5046795E2270EC640080A01C /* ViewController.swift */,
				504679602270EC640080A01C /* Main.storyboard */,
				504679632270EC660080A01C /* Assets.xcassets */,
				504679652270EC660080A01C /* LaunchScreen.storyboard */,
				504679682270EC660080A01C /* Info.plist */,
			);
			path = "Video Player";
			sourceTree = "<group>";
		};
		504679702270EC670080A01C /* Video PlayerTests */ = {
			isa = PBXGroup;
			children = (
				504679712270EC670080A01C /* Video_PlayerTests.swift */,
				504679732270EC670080A01C /* Info.plist */,
			);
			path = "Video PlayerTests";
			sourceTree = "<group>";
		};
		5046797B2270EC670080A01C /* Video PlayerUITests */ = {
			isa = PBXGroup;
			children = (
				5046797C2270EC670080A01C /* Video_PlayerUITests.swift */,
				5046797E2270EC670080A01C /* Info.plist */,
			);
			path = "Video PlayerUITests";
			sourceTree = "<group>";
		};
/* End PBXGroup section */

/* Begin PBXNativeTarget section */
		504679582270EC640080A01C /* Video Player */ = {
			isa = PBXNativeTarget;
			buildConfigurationList = 504679812270EC670080A01C /* Build configuration list for PBXNativeTarget "Video Player" */;
			buildPhases = (
				504679552270EC640080A01C /* Sources */,
				504679562270EC640080A01C /* Frameworks */,
				504679572270EC640080A01C /* Resources */,
			);
			buildRules = (
			);
			dependencies = (
			);
			name = "Video Player";
			productName = "Video Player";
			productReference = 504679592270EC640080A01C /* Video Player.app */;
			productType = "com.apple.product-type.application";
		};
		5046796C2270EC670080A01C /* Video PlayerTests */ = {
			isa = PBXNativeTarget;
			buildConfigurationList = 504679842270EC670080A01C /* Build configuration list for PBXNativeTarget "Video PlayerTests" */;
			buildPhases = (
				504679692270EC670080A01C /* Sources */,
				5046796A2270EC670080A01C /* Frameworks */,
				5046796B2270EC670080A01C /* Resources */,
			);
			buildRules = (
			);
			dependencies = (
				5046796F2270EC670080A01C /* PBXTargetDependency */,
			);
			name = "Video PlayerTests";
			productName = "Video PlayerTests";
			productReference = 5046796D2270EC670080A01C /* Video PlayerTests.xctest */;
			productType = "com.apple.product-type.bundle.unit-test";
		};
		504679772270EC670080A01C /* Video PlayerUITests */ = {
			isa = PBXNativeTarget;
			buildConfigurationList = 504679872270EC670080A01C /* Build configuration list for PBXNativeTarget "Video PlayerUITests" */;
			buildPhases = (
				504679742270EC670080A01C /* Sources */,
				504679752270EC670080A01C /* Frameworks */,
				504679762270EC670080A01C /* Resources */,
			);
			buildRules = (
			);
			dependencies = (
				5046797A2270EC670080A01C /* PBXTargetDependency */,
			);
			name = "Video PlayerUITests";
			productName = "Video PlayerUITests";
			productReference = 504679782270EC670080A01C /* Video PlayerUITests.xctest */;
			productType = "com.apple.product-type.bundle.ui-testing";
		};
/* End PBXNativeTarget section */

/* Begin PBXProject section */
		504679512270EC640080A01C /* Project object */ = {
			isa = PBXProject;
			attributes = {
				LastSwiftUpdateCheck = 1010;
				LastUpgradeCheck = 1010;
				ORGANIZATIONNAME = "Lisa Wang";
				TargetAttributes = {
					504679582270EC640080A01C = {
						CreatedOnToolsVersion = 10.1;
					};
					5046796C2270EC670080A01C = {
						CreatedOnToolsVersion = 10.1;
						TestTargetID = 504679582270EC640080A01C;
					};
					504679772270EC670080A01C = {
						CreatedOnToolsVersion = 10.1;
						TestTargetID = 504679582270EC640080A01C;
					};
				};
			};
			buildConfigurationList = 504679542270EC640080A01C /* Build configuration list for PBXProject "Video Player" */;
			compatibilityVersion = "Xcode 9.3";
			developmentRegion = en;
			hasScannedForEncodings = 0;
			knownRegions = (
				en,
				Base,
			);
			mainGroup = 504679502270EC640080A01C;
			productRefGroup = 5046795A2270EC640080A01C /* Products */;
			projectDirPath = "";
			projectRoot = "";
			targets = (
				504679582270EC640080A01C /* Video Player */,
				5046796C2270EC670080A01C /* Video PlayerTests */,
				504679772270EC670080A01C /* Video PlayerUITests */,
			);
		};
/* End PBXProject section */

/* Begin PBXResourcesBuildPhase section */
		504679572270EC640080A01C /* Resources */ = {
			isa = PBXResourcesBuildPhase;
			buildActionMask = 2147483647;
			files = (
				504679672270EC660080A01C /* LaunchScreen.storyboard in Resources */,
				504679642270EC660080A01C /* Assets.xcassets in Resources */,
				504679622270EC640080A01C /* Main.storyboard in Resources */,
			);
			runOnlyForDeploymentPostprocessing = 0;
		};
		5046796B2270EC670080A01C /* Resources */ = {
			isa = PBXResourcesBuildPhase;
			buildActionMask = 2147483647;
			files = (
			);
			runOnlyForDeploymentPostprocessing = 0;
		};
		504679762270EC670080A01C /* Resources */ = {
			isa = PBXResourcesBuildPhase;
			buildActionMask = 2147483647;
			files = (
			);
			runOnlyForDeploymentPostprocessing = 0;
		};
/* End PBXResourcesBuildPhase section */

/* Begin PBXSourcesBuildPhase section */
		504679552270EC640080A01C /* Sources */ = {
			isa = PBXSourcesBuildPhase;
			buildActionMask = 2147483647;
			files = (
				5046795F2270EC640080A01C /* ViewController.swift in Sources */,
				5046795D2270EC640080A01C /* AppDelegate.swift in Sources */,
			);
			runOnlyForDeploymentPostprocessing = 0;
		};
		504679692270EC670080A01C /* Sources */ = {
			isa = PBXSourcesBuildPhase;
			buildActionMask = 2147483647;
			files = (
				504679722270EC670080A01C /* Video_PlayerTests.swift in Sources */,
			);
			runOnlyForDeploymentPostprocessing = 0;
		};
		504679742270EC670080A01C /* Sources */ = {
			isa = PBXSourcesBuildPhase;
			buildActionMask = 2147483647;
			files = (
				5046797D2270EC670080A01C /* Video_PlayerUITests.swift in Sources */,
			);
			runOnlyForDeploymentPostprocessing = 0;
		};
/* End PBXSourcesBuildPhase section */

/* Begin PBXTargetDependency section */
		5046796F2270EC670080A01C /* PBXTargetDependency */ = {
			isa = PBXTargetDependency;
			target = 504679582270EC640080A01C /* Video Player */;
			targetProxy = 5046796E2270EC670080A01C /* PBXContainerItemProxy */;
		};
		5046797A2270EC670080A01C /* PBXTargetDependency */ = {
			isa = PBXTargetDependency;
			target = 504679582270EC640080A01C /* Video Player */;
			targetProxy = 504679792270EC670080A01C /* PBXContainerItemProxy */;
		};
/* End PBXTargetDependency section */

/* Begin PBXVariantGroup section */
		504679602270EC640080A01C /* Main.storyboard */ = {
			isa = PBXVariantGroup;
			children = (
				504679612270EC640080A01C /* Base */,
			);
			name = Main.storyboard;
			sourceTree = "<group>";
		};
		504679652270EC660080A01C /* LaunchScreen.storyboard */ = {
			isa = PBXVariantGroup;
			children = (
				504679662270EC660080A01C /* Base */,
			);
			name = LaunchScreen.storyboard;
			sourceTree = "<group>";
		};
/* End PBXVariantGroup section */

/* Begin XCBuildConfiguration section */
		5046797F2270EC670080A01C /* Debug */ = {
			isa = XCBuildConfiguration;
			buildSettings = {
				ALWAYS_SEARCH_USER_PATHS = NO;
				CLANG_ANALYZER_NONNULL = YES;
				CLANG_ANALYZER_NUMBER_OBJECT_CONVERSION = YES_AGGRESSIVE;
				CLANG_CXX_LANGUAGE_STANDARD = "gnu++14";
				CLANG_CXX_LIBRARY = "libc++";
				CLANG_ENABLE_MODULES = YES;
				CLANG_ENABLE_OBJC_ARC = YES;
				CLANG_ENABLE_OBJC_WEAK = YES;
				CLANG_WARN_BLOCK_CAPTURE_AUTORELEASING = YES;
				CLANG_WARN_BOOL_CONVERSION = YES;
				CLANG_WARN_COMMA = YES;
				CLANG_WARN_CONSTANT_CONVERSION = YES;
				CLANG_WARN_DEPRECATED_OBJC_IMPLEMENTATIONS = YES;
				CLANG_WARN_DIRECT_OBJC_ISA_USAGE = YES_ERROR;
				CLANG_WARN_DOCUMENTATION_COMMENTS = YES;
				CLANG_WARN_EMPTY_BODY = YES;
				CLANG_WARN_ENUM_CONVERSION = YES;
				CLANG_WARN_INFINITE_RECURSION = YES;
				CLANG_WARN_INT_CONVERSION = YES;
				CLANG_WARN_NON_LITERAL_NULL_CONVERSION = YES;
				CLANG_WARN_OBJC_IMPLICIT_RETAIN_SELF = YES;
				CLANG_WARN_OBJC_LITERAL_CONVERSION = YES;
				CLANG_WARN_OBJC_ROOT_CLASS = YES_ERROR;
				CLANG_WARN_RANGE_LOOP_ANALYSIS = YES;
				CLANG_WARN_STRICT_PROTOTYPES = YES;
				CLANG_WARN_SUSPICIOUS_MOVE = YES;
				CLANG_WARN_UNGUARDED_AVAILABILITY = YES_AGGRESSIVE;
				CLANG_WARN_UNREACHABLE_CODE = YES;
				CLANG_WARN__DUPLICATE_METHOD_MATCH = YES;
				CODE_SIGN_IDENTITY = "iPhone Developer";
				COPY_PHASE_STRIP = NO;
				DEBUG_INFORMATION_FORMAT = dwarf;
				ENABLE_STRICT_OBJC_MSGSEND = YES;
				ENABLE_TESTABILITY = YES;
				GCC_C_LANGUAGE_STANDARD = gnu11;
				GCC_DYNAMIC_NO_PIC = NO;
				GCC_NO_COMMON_BLOCKS = YES;
				GCC_OPTIMIZATION_LEVEL = 0;
				GCC_PREPROCESSOR_DEFINITIONS = (
					"DEBUG=1",
					"$(inherited)",
				);
				GCC_WARN_64_TO_32_BIT_CONVERSION = YES;
				GCC_WARN_ABOUT_RETURN_TYPE = YES_ERROR;
				GCC_WARN_UNDECLARED_SELECTOR = YES;
				GCC_WARN_UNINITIALIZED_AUTOS = YES_AGGRESSIVE;
				GCC_WARN_UNUSED_FUNCTION = YES;
				GCC_WARN_UNUSED_VARIABLE = YES;
				IPHONEOS_DEPLOYMENT_TARGET = 12.1;
				MTL_ENABLE_DEBUG_INFO = INCLUDE_SOURCE;
				MTL_FAST_MATH = YES;
				ONLY_ACTIVE_ARCH = YES;
				SDKROOT = iphoneos;
				SWIFT_ACTIVE_COMPILATION_CONDITIONS = DEBUG;
				SWIFT_OPTIMIZATION_LEVEL = "-Onone";
			};
			name = Debug;
		};
		504679802270EC670080A01C /* Release */ = {
			isa = XCBuildConfiguration;
			buildSettings = {
				ALWAYS_SEARCH_USER_PATHS = NO;
				CLANG_ANALYZER_NONNULL = YES;
				CLANG_ANALYZER_NUMBER_OBJECT_CONVERSION = YES_AGGRESSIVE;
				CLANG_CXX_LANGUAGE_STANDARD = "gnu++14";
				CLANG_CXX_LIBRARY = "libc++";
				CLANG_ENABLE_MODULES = YES;
				CLANG_ENABLE_OBJC_ARC = YES;
				CLANG_ENABLE_OBJC_WEAK = YES;
				CLANG_WARN_BLOCK_CAPTURE_AUTORELEASING = YES;
				CLANG_WARN_BOOL_CONVERSION = YES;
				CLANG_WARN_COMMA = YES;
				CLANG_WARN_CONSTANT_CONVERSION = YES;
				CLANG_WARN_DEPRECATED_OBJC_IMPLEMENTATIONS = YES;
				CLANG_WARN_DIRECT_OBJC_ISA_USAGE = YES_ERROR;
				CLANG_WARN_DOCUMENTATION_COMMENTS = YES;
				CLANG_WARN_EMPTY_BODY = YES;
				CLANG_WARN_ENUM_CONVERSION = YES;
				CLANG_WARN_INFINITE_RECURSION = YES;
				CLANG_WARN_INT_CONVERSION = YES;
				CLANG_WARN_NON_LITERAL_NULL_CONVERSION = YES;
				CLANG_WARN_OBJC_IMPLICIT_RETAIN_SELF = YES;
				CLANG_WARN_OBJC_LITERAL_CONVERSION = YES;
				CLANG_WARN_OBJC_ROOT_CLASS = YES_ERROR;
				CLANG_WARN_RANGE_LOOP_ANALYSIS = YES;
				CLANG_WARN_STRICT_PROTOTYPES = YES;
				CLANG_WARN_SUSPICIOUS_MOVE = YES;
				CLANG_WARN_UNGUARDED_AVAILABILITY = YES_AGGRESSIVE;
				CLANG_WARN_UNREACHABLE_CODE = YES;
				CLANG_WARN__DUPLICATE_METHOD_MATCH = YES;
				CODE_SIGN_IDENTITY = "iPhone Developer";
				COPY_PHASE_STRIP = NO;
				DEBUG_INFORMATION_FORMAT = "dwarf-with-dsym";
				ENABLE_NS_ASSERTIONS = NO;
				ENABLE_STRICT_OBJC_MSGSEND = YES;
				GCC_C_LANGUAGE_STANDARD = gnu11;
				GCC_NO_COMMON_BLOCKS = YES;
				GCC_WARN_64_TO_32_BIT_CONVERSION = YES;
				GCC_WARN_ABOUT_RETURN_TYPE = YES_ERROR;
				GCC_WARN_UNDECLARED_SELECTOR = YES;
				GCC_WARN_UNINITIALIZED_AUTOS = YES_AGGRESSIVE;
				GCC_WARN_UNUSED_FUNCTION = YES;
				GCC_WARN_UNUSED_VARIABLE = YES;
				IPHONEOS_DEPLOYMENT_TARGET = 12.1;
				MTL_ENABLE_DEBUG_INFO = NO;
				MTL_FAST_MATH = YES;
				SDKROOT = iphoneos;
				SWIFT_COMPILATION_MODE = wholemodule;
				SWIFT_OPTIMIZATION_LEVEL = "-O";
				VALIDATE_PRODUCT = YES;
			};
			name = Release;
		};
		504679822270EC670080A01C /* Debug */ = {
			isa = XCBuildConfiguration;
			buildSettings = {
				ASSETCATALOG_COMPILER_APPICON_NAME = AppIcon;
				CODE_SIGN_STYLE = Automatic;
				INFOPLIST_FILE = "Video Player/Info.plist";
				LD_RUNPATH_SEARCH_PATHS = (
					"$(inherited)",
					"@executable_path/Frameworks",
				);
				PRODUCT_BUNDLE_IDENTIFIER = "Almost-Fun-SAT.Video-Player";
				PRODUCT_NAME = "$(TARGET_NAME)";
				SWIFT_VERSION = 4.2;
				TARGETED_DEVICE_FAMILY = "1,2";
			};
			name = Debug;
		};
		504679832270EC670080A01C /* Release */ = {
			isa = XCBuildConfiguration;
			buildSettings = {
				ASSETCATALOG_COMPILER_APPICON_NAME = AppIcon;
				CODE_SIGN_STYLE = Automatic;
				INFOPLIST_FILE = "Video Player/Info.plist";
				LD_RUNPATH_SEARCH_PATHS = (
					"$(inherited)",
					"@executable_path/Frameworks",
				);
				PRODUCT_BUNDLE_IDENTIFIER = "Almost-Fun-SAT.Video-Player";
				PRODUCT_NAME = "$(TARGET_NAME)";
				SWIFT_VERSION = 4.2;
				TARGETED_DEVICE_FAMILY = "1,2";
			};
			name = Release;
		};
		504679852270EC670080A01C /* Debug */ = {
			isa = XCBuildConfiguration;
			buildSettings = {
				ALWAYS_EMBED_SWIFT_STANDARD_LIBRARIES = YES;
				BUNDLE_LOADER = "$(TEST_HOST)";
				CODE_SIGN_STYLE = Automatic;
				INFOPLIST_FILE = "Video PlayerTests/Info.plist";
				LD_RUNPATH_SEARCH_PATHS = (
					"$(inherited)",
					"@executable_path/Frameworks",
					"@loader_path/Frameworks",
				);
				PRODUCT_BUNDLE_IDENTIFIER = "Almost-Fun-SAT.Video-PlayerTests";
				PRODUCT_NAME = "$(TARGET_NAME)";
				SWIFT_VERSION = 4.2;
				TARGETED_DEVICE_FAMILY = "1,2";
				TEST_HOST = "$(BUILT_PRODUCTS_DIR)/Video Player.app/Video Player";
			};
			name = Debug;
		};
		504679862270EC670080A01C /* Release */ = {
			isa = XCBuildConfiguration;
			buildSettings = {
				ALWAYS_EMBED_SWIFT_STANDARD_LIBRARIES = YES;
				BUNDLE_LOADER = "$(TEST_HOST)";
				CODE_SIGN_STYLE = Automatic;
				INFOPLIST_FILE = "Video PlayerTests/Info.plist";
				LD_RUNPATH_SEARCH_PATHS = (
					"$(inherited)",
					"@executable_path/Frameworks",
					"@loader_path/Frameworks",
				);
				PRODUCT_BUNDLE_IDENTIFIER = "Almost-Fun-SAT.Video-PlayerTests";
				PRODUCT_NAME = "$(TARGET_NAME)";
				SWIFT_VERSION = 4.2;
				TARGETED_DEVICE_FAMILY = "1,2";
				TEST_HOST = "$(BUILT_PRODUCTS_DIR)/Video Player.app/Video Player";
			};
			name = Release;
		};
		504679882270EC670080A01C /* Debug */ = {
			isa = XCBuildConfiguration;
			buildSettings = {
				ALWAYS_EMBED_SWIFT_STANDARD_LIBRARIES = YES;
				CODE_SIGN_STYLE = Automatic;
				INFOPLIST_FILE = "Video PlayerUITests/Info.plist";
				LD_RUNPATH_SEARCH_PATHS = (
					"$(inherited)",
					"@executable_path/Frameworks",
					"@loader_path/Frameworks",
				);
				PRODUCT_BUNDLE_IDENTIFIER = "Almost-Fun-SAT.Video-PlayerUITests";
				PRODUCT_NAME = "$(TARGET_NAME)";
				SWIFT_VERSION = 4.2;
				TARGETED_DEVICE_FAMILY = "1,2";
				TEST_TARGET_NAME = "Video Player";
			};
			name = Debug;
		};
		504679892270EC670080A01C /* Release */ = {
			isa = XCBuildConfiguration;
			buildSettings = {
				ALWAYS_EMBED_SWIFT_STANDARD_LIBRARIES = YES;
				CODE_SIGN_STYLE = Automatic;
				INFOPLIST_FILE = "Video PlayerUITests/Info.plist";
				LD_RUNPATH_SEARCH_PATHS = (
					"$(inherited)",
					"@executable_path/Frameworks",
					"@loader_path/Frameworks",
				);
				PRODUCT_BUNDLE_IDENTIFIER = "Almost-Fun-SAT.Video-PlayerUITests";
				PRODUCT_NAME = "$(TARGET_NAME)";
				SWIFT_VERSION = 4.2;
				TARGETED_DEVICE_FAMILY = "1,2";
				TEST_TARGET_NAME = "Video Player";
			};
			name = Release;
		};
/* End XCBuildConfiguration section */

/* Begin XCConfigurationList section */
		504679542270EC640080A01C /* Build configuration list for PBXProject "Video Player" */ = {
			isa = XCConfigurationList;
			buildConfigurations = (
				5046797F2270EC670080A01C /* Debug */,
				504679802270EC670080A01C /* Release */,
			);
			defaultConfigurationIsVisible = 0;
			defaultConfigurationName = Release;
		};
		504679812270EC670080A01C /* Build configuration list for PBXNativeTarget "Video Player" */ = {
			isa = XCConfigurationList;
			buildConfigurations = (
				504679822270EC670080A01C /* Debug */,
				504679832270EC670080A01C /* Release */,
			);
			defaultConfigurationIsVisible = 0;
			defaultConfigurationName = Release;
		};
		504679842270EC670080A01C /* Build configuration list for PBXNativeTarget "Video PlayerTests" */ = {
			isa = XCConfigurationList;
			buildConfigurations = (
				504679852270EC670080A01C /* Debug */,
				504679862270EC670080A01C /* Release */,
			);
			defaultConfigurationIsVisible = 0;
			defaultConfigurationName = Release;
		};
		504679872270EC670080A01C /* Build configuration list for PBXNativeTarget "Video PlayerUITests" */ = {
			isa = XCConfigurationList;
			buildConfigurations = (
				504679882270EC670080A01C /* Debug */,
				504679892270EC670080A01C /* Release */,
			);
			defaultConfigurationIsVisible = 0;
			defaultConfigurationName = Release;
		};
/* End XCConfigurationList section */
	};
	rootObject = 504679512270EC640080A01C /* Project object */;
}
